
Microsoft Visual Studio Solution File, Format Version 12.00
# Visual Studio Version 17
VisualStudioVersion = 17.5.002.0
MinimumVisualStudioVersion = 10.0.40219.1
Project("{9A19103F-16F7-4668-BE54-9A1E7A4F7556}") = "Client", "Client\Client.csproj", "{748AD6E2-A539-4C26-B9D8-1B5CB3548C10}"
EndProject
Project("{9A19103F-16F7-4668-BE54-9A1E7A4F7556}") = "Server", "Server\Server.csproj", "{476926FF-CB5B-4DFF-B2F2-92D5B4CA977B}"
EndProject
Project("{9A19103F-16F7-4668-BE54-9A1E7A4F7556}") = "Shared", "Shared\Shared.csproj", "{F51783A8-3DCD-49ED-872E-0A49C983467B}"
EndProject
Global
	GlobalSection(SolutionConfigurationPlatforms) = preSolution
		Debug|Any CPU = Debug|Any CPU
		Release|Any CPU = Release|Any CPU
	EndGlobalSection
	GlobalSection(ProjectConfigurationPlatforms) = postSolution
		{748AD6E2-A539-4C26-B9D8-1B5CB3548C10}.Debug|Any CPU.ActiveCfg = Debug|Any CPU
		{748AD6E2-A539-4C26-B9D8-1B5CB3548C10}.Debug|Any CPU.Build.0 = Debug|Any CPU
		{748AD6E2-A539-4C26-B9D8-1B5CB3548C10}.Release|Any CPU.ActiveCfg = Release|Any CPU
		{748AD6E2-A539-4C26-B9D8-1B5CB3548C10}.Release|Any CPU.Build.0 = Release|Any CPU
		{476926FF-CB5B-4DFF-B2F2-92D5B4CA977B}.Debug|Any CPU.ActiveCfg = Debug|Any CPU
		{476926FF-CB5B-4DFF-B2F2-92D5B4CA977B}.Debug|Any CPU.Build.0 = Debug|Any CPU
		{476926FF-CB5B-4DFF-B2F2-92D5B4CA977B}.Release|Any CPU.ActiveCfg = Release|Any CPU
		{476926FF-CB5B-4DFF-B2F2-92D5B4CA977B}.Release|Any CPU.Build.0 = Release|Any CPU
		{F51783A8-3DCD-49ED-872E-0A49C983467B}.Debug|Any CPU.ActiveCfg = Debug|Any CPU
		{F51783A8-3DCD-49ED-872E-0A49C983467B}.Debug|Any CPU.Build.0 = Debug|Any CPU
		{F51783A8-3DCD-49ED-872E-0A49C983467B}.Release|Any CPU.ActiveCfg = Release|Any CPU
		{F51783A8-3DCD-49ED-872E-0A49C983467B}.Release|Any CPU.Build.0 = Release|Any CPU
	EndGlobalSection
	GlobalSection(SolutionProperties) = preSolution
		HideSolutionNode = FALSE
	EndGlobalSection
	GlobalSection(ExtensibilityGlobals) = postSolution
		SolutionGuid = {8B976251-AF67-4AD0-BBCB-ADD3870FB9FF}
	EndGlobalSection
EndGlobal
